// !$*UTF8*$!
{
	archiveVersion = 1;
	classes = {
	};
	objectVersion = 46;
	objects = {

/* Begin PBXBuildFile section */
		33258B1891A486BDEDA3C3B1 /* Pods_TestMap.framework in Frameworks */ = {isa = PBXBuildFile; fileRef = 2E368A204006F9017D4E9C71 /* Pods_TestMap.framework */; };
		650C8C471E61D2C500C684D1 /* WeatherTableVC.swift in Sources */ = {isa = PBXBuildFile; fileRef = 650C8C461E61D2C500C684D1 /* WeatherTableVC.swift */; };
		65117C9C1E7F08E40007155C /* ForecastCell.swift in Sources */ = {isa = PBXBuildFile; fileRef = 65117C9B1E7F08E40007155C /* ForecastCell.swift */; };
		65117C9E1E8007180007155C /* Forecast.swift in Sources */ = {isa = PBXBuildFile; fileRef = 65117C9D1E8007180007155C /* Forecast.swift */; };
		651582D11E758E7A00E4DF03 /* Functions.swift in Sources */ = {isa = PBXBuildFile; fileRef = 651582D01E758E7A00E4DF03 /* Functions.swift */; };
		654B8F801E5A2CE600E79A24 /* CurrentWeather.swift in Sources */ = {isa = PBXBuildFile; fileRef = 654B8F7F1E5A2CE600E79A24 /* CurrentWeather.swift */; };
		6587717D1E58934800169A7A /* AppDelegate.swift in Sources */ = {isa = PBXBuildFile; fileRef = 6587717C1E58934800169A7A /* AppDelegate.swift */; };
		6587717F1E58934800169A7A /* MainVC.swift in Sources */ = {isa = PBXBuildFile; fileRef = 6587717E1E58934800169A7A /* MainVC.swift */; };
		658771821E58934800169A7A /* Main.storyboard in Resources */ = {isa = PBXBuildFile; fileRef = 658771801E58934800169A7A /* Main.storyboard */; };
		658771841E58934800169A7A /* Assets.xcassets in Resources */ = {isa = PBXBuildFile; fileRef = 658771831E58934800169A7A /* Assets.xcassets */; };
		658771871E58934800169A7A /* LaunchScreen.storyboard in Resources */ = {isa = PBXBuildFile; fileRef = 658771851E58934800169A7A /* LaunchScreen.storyboard */; };
		65999D441E608AA800053F6C /* ViewMapVC.swift in Sources */ = {isa = PBXBuildFile; fileRef = 65999D431E608AA800053F6C /* ViewMapVC.swift */; };
		65E397E21E76F082008F4BEE /* FileSaveHelper.swift in Sources */ = {isa = PBXBuildFile; fileRef = 65E397E11E76F082008F4BEE /* FileSaveHelper.swift */; };
		65EEB5931E59CAAB002E7BDA /* Constants.swift in Sources */ = {isa = PBXBuildFile; fileRef = 65EEB5921E59CAAB002E7BDA /* Constants.swift */; };
		65EEB5951E59CABB002E7BDA /* Location.swift in Sources */ = {isa = PBXBuildFile; fileRef = 65EEB5941E59CABB002E7BDA /* Location.swift */; };
		65FCBA891E62E9540059765A /* ForeCast3Hrs.swift in Sources */ = {isa = PBXBuildFile; fileRef = 65FCBA881E62E9540059765A /* ForeCast3Hrs.swift */; };
		65FCBA8B1E6324D90059765A /* WeatherCell.swift in Sources */ = {isa = PBXBuildFile; fileRef = 65FCBA8A1E6324D90059765A /* WeatherCell.swift */; };
/* End PBXBuildFile section */

/* Begin PBXFileReference section */
		2E368A204006F9017D4E9C71 /* Pods_TestMap.framework */ = {isa = PBXFileReference; explicitFileType = wrapper.framework; includeInIndex = 0; path = Pods_TestMap.framework; sourceTree = BUILT_PRODUCTS_DIR; };
		650C8C461E61D2C500C684D1 /* WeatherTableVC.swift */ = {isa = PBXFileReference; fileEncoding = 4; lastKnownFileType = sourcecode.swift; path = WeatherTableVC.swift; sourceTree = "<group>"; };
		65117C9B1E7F08E40007155C /* ForecastCell.swift */ = {isa = PBXFileReference; fileEncoding = 4; lastKnownFileType = sourcecode.swift; path = ForecastCell.swift; sourceTree = "<group>"; };
		65117C9D1E8007180007155C /* Forecast.swift */ = {isa = PBXFileReference; fileEncoding = 4; lastKnownFileType = sourcecode.swift; path = Forecast.swift; sourceTree = "<group>"; };
		651582D01E758E7A00E4DF03 /* Functions.swift */ = {isa = PBXFileReference; fileEncoding = 4; lastKnownFileType = sourcecode.swift; path = Functions.swift; sourceTree = "<group>"; };
		654B8F7F1E5A2CE600E79A24 /* CurrentWeather.swift */ = {isa = PBXFileReference; fileEncoding = 4; lastKnownFileType = sourcecode.swift; path = CurrentWeather.swift; sourceTree = "<group>"; };
		658771791E58934800169A7A /* TestMap.app */ = {isa = PBXFileReference; explicitFileType = wrapper.application; includeInIndex = 0; path = TestMap.app; sourceTree = BUILT_PRODUCTS_DIR; };
		6587717C1E58934800169A7A /* AppDelegate.swift */ = {isa = PBXFileReference; lastKnownFileType = sourcecode.swift; path = AppDelegate.swift; sourceTree = "<group>"; };
		6587717E1E58934800169A7A /* MainVC.swift */ = {isa = PBXFileReference; lastKnownFileType = sourcecode.swift; path = MainVC.swift; sourceTree = "<group>"; };
		658771811E58934800169A7A /* Base */ = {isa = PBXFileReference; lastKnownFileType = file.storyboard; name = Base; path = Base.lproj/Main.storyboard; sourceTree = "<group>"; };
		658771831E58934800169A7A /* Assets.xcassets */ = {isa = PBXFileReference; lastKnownFileType = folder.assetcatalog; path = Assets.xcassets; sourceTree = "<group>"; };
		658771861E58934800169A7A /* Base */ = {isa = PBXFileReference; lastKnownFileType = file.storyboard; name = Base; path = Base.lproj/LaunchScreen.storyboard; sourceTree = "<group>"; };
		658771881E58934800169A7A /* Info.plist */ = {isa = PBXFileReference; lastKnownFileType = text.plist.xml; path = Info.plist; sourceTree = "<group>"; };
		65999D431E608AA800053F6C /* ViewMapVC.swift */ = {isa = PBXFileReference; fileEncoding = 4; lastKnownFileType = sourcecode.swift; path = ViewMapVC.swift; sourceTree = "<group>"; };
		65E397E11E76F082008F4BEE /* FileSaveHelper.swift */ = {isa = PBXFileReference; fileEncoding = 4; lastKnownFileType = sourcecode.swift; path = FileSaveHelper.swift; sourceTree = "<group>"; };
		65EEB5921E59CAAB002E7BDA /* Constants.swift */ = {isa = PBXFileReference; fileEncoding = 4; lastKnownFileType = sourcecode.swift; path = Constants.swift; sourceTree = "<group>"; };
		65EEB5941E59CABB002E7BDA /* Location.swift */ = {isa = PBXFileReference; fileEncoding = 4; lastKnownFileType = sourcecode.swift; path = Location.swift; sourceTree = "<group>"; };
		65FCBA881E62E9540059765A /* ForeCast3Hrs.swift */ = {isa = PBXFileReference; fileEncoding = 4; lastKnownFileType = sourcecode.swift; path = ForeCast3Hrs.swift; sourceTree = "<group>"; };
		65FCBA8A1E6324D90059765A /* WeatherCell.swift */ = {isa = PBXFileReference; fileEncoding = 4; lastKnownFileType = sourcecode.swift; path = WeatherCell.swift; sourceTree = "<group>"; };
		C106079CB17A11B32B8FCFD6 /* Pods-TestMap.release.xcconfig */ = {isa = PBXFileReference; includeInIndex = 1; lastKnownFileType = text.xcconfig; name = "Pods-TestMap.release.xcconfig"; path = "Pods/Target Support Files/Pods-TestMap/Pods-TestMap.release.xcconfig"; sourceTree = "<group>"; };
		FA38E81BA78002A17F641AF4 /* Pods-TestMap.debug.xcconfig */ = {isa = PBXFileReference; includeInIndex = 1; lastKnownFileType = text.xcconfig; name = "Pods-TestMap.debug.xcconfig"; path = "Pods/Target Support Files/Pods-TestMap/Pods-TestMap.debug.xcconfig"; sourceTree = "<group>"; };
/* End PBXFileReference section */

/* Begin PBXFrameworksBuildPhase section */
		658771761E58934800169A7A /* Frameworks */ = {
			isa = PBXFrameworksBuildPhase;
			buildActionMask = 2147483647;
			files = (
				33258B1891A486BDEDA3C3B1 /* Pods_TestMap.framework in Frameworks */,
			);
			runOnlyForDeploymentPostprocessing = 0;
		};
/* End PBXFrameworksBuildPhase section */

/* Begin PBXGroup section */
		43BABB3E26CFFF80E8737724 /* Frameworks */ = {
			isa = PBXGroup;
			children = (
				2E368A204006F9017D4E9C71 /* Pods_TestMap.framework */,
			);
			name = Frameworks;
			sourceTree = "<group>";
		};
		658771701E58934800169A7A = {
			isa = PBXGroup;
			children = (
				6587717B1E58934800169A7A /* TestMap */,
				6587717A1E58934800169A7A /* Products */,
				D63D56D4721DF9BBDE125BD5 /* Pods */,
				43BABB3E26CFFF80E8737724 /* Frameworks */,
			);
			sourceTree = "<group>";
		};
		6587717A1E58934800169A7A /* Products */ = {
			isa = PBXGroup;
			children = (
				658771791E58934800169A7A /* TestMap.app */,
			);
			name = Products;
			sourceTree = "<group>";
		};
		6587717B1E58934800169A7A /* TestMap */ = {
			isa = PBXGroup;
			children = (
				65999D401E5F380D00053F6C /* Controller */,
				6587717C1E58934800169A7A /* AppDelegate.swift */,
				658771801E58934800169A7A /* Main.storyboard */,
				658771831E58934800169A7A /* Assets.xcassets */,
				658771851E58934800169A7A /* LaunchScreen.storyboard */,
				658771881E58934800169A7A /* Info.plist */,
				65EEB5921E59CAAB002E7BDA /* Constants.swift */,
				65EEB5941E59CABB002E7BDA /* Location.swift */,
				654B8F7F1E5A2CE600E79A24 /* CurrentWeather.swift */,
				65FCBA881E62E9540059765A /* ForeCast3Hrs.swift */,
				65FCBA8A1E6324D90059765A /* WeatherCell.swift */,
				65117C9D1E8007180007155C /* Forecast.swift */,
				65117C9B1E7F08E40007155C /* ForecastCell.swift */,
				651582D01E758E7A00E4DF03 /* Functions.swift */,
				65E397E11E76F082008F4BEE /* FileSaveHelper.swift */,
			);
			path = TestMap;
			sourceTree = "<group>";
		};
		65999D401E5F380D00053F6C /* Controller */ = {
			isa = PBXGroup;
			children = (
				6587717E1E58934800169A7A /* MainVC.swift */,
				65999D431E608AA800053F6C /* ViewMapVC.swift */,
				650C8C461E61D2C500C684D1 /* WeatherTableVC.swift */,
			);
			name = Controller;
			sourceTree = "<group>";
		};
		D63D56D4721DF9BBDE125BD5 /* Pods */ = {
			isa = PBXGroup;
			children = (
				FA38E81BA78002A17F641AF4 /* Pods-TestMap.debug.xcconfig */,
				C106079CB17A11B32B8FCFD6 /* Pods-TestMap.release.xcconfig */,
			);
			name = Pods;
			sourceTree = "<group>";
		};
/* End PBXGroup section */

/* Begin PBXNativeTarget section */
		658771781E58934800169A7A /* TestMap */ = {
			isa = PBXNativeTarget;
			buildConfigurationList = 6587718B1E58934800169A7A /* Build configuration list for PBXNativeTarget "TestMap" */;
			buildPhases = (
				46985B7B66CDF1A77E6F49EB /* [CP] Check Pods Manifest.lock */,
				658771751E58934800169A7A /* Sources */,
				658771761E58934800169A7A /* Frameworks */,
				658771771E58934800169A7A /* Resources */,
				102B01CCF233BA25D02E5845 /* [CP] Embed Pods Frameworks */,
				BA4BF271E6EBADC84E262AA0 /* [CP] Copy Pods Resources */,
			);
			buildRules = (
			);
			dependencies = (
			);
			name = TestMap;
			productName = TestMap;
			productReference = 658771791E58934800169A7A /* TestMap.app */;
			productType = "com.apple.product-type.application";
		};
/* End PBXNativeTarget section */

/* Begin PBXProject section */
		658771711E58934800169A7A /* Project object */ = {
			isa = PBXProject;
			attributes = {
				LastSwiftUpdateCheck = 0820;
				LastUpgradeCheck = 0820;
				ORGANIZATIONNAME = "Andre Boevink";
				TargetAttributes = {
					658771781E58934800169A7A = {
						CreatedOnToolsVersion = 8.2.1;
						DevelopmentTeam = 4RH753AMBU;
						ProvisioningStyle = Automatic;
					};
				};
			};
			buildConfigurationList = 658771741E58934800169A7A /* Build configuration list for PBXProject "TestMap" */;
			compatibilityVersion = "Xcode 3.2";
			developmentRegion = English;
			hasScannedForEncodings = 0;
			knownRegions = (
				en,
				Base,
			);
			mainGroup = 658771701E58934800169A7A;
			productRefGroup = 6587717A1E58934800169A7A /* Products */;
			projectDirPath = "";
			projectRoot = "";
			targets = (
				658771781E58934800169A7A /* TestMap */,
			);
		};
/* End PBXProject section */

/* Begin PBXResourcesBuildPhase section */
		658771771E58934800169A7A /* Resources */ = {
			isa = PBXResourcesBuildPhase;
			buildActionMask = 2147483647;
			files = (
				658771871E58934800169A7A /* LaunchScreen.storyboard in Resources */,
				658771841E58934800169A7A /* Assets.xcassets in Resources */,
				658771821E58934800169A7A /* Main.storyboard in Resources */,
			);
			runOnlyForDeploymentPostprocessing = 0;
		};
/* End PBXResourcesBuildPhase section */

/* Begin PBXShellScriptBuildPhase section */
		102B01CCF233BA25D02E5845 /* [CP] Embed Pods Frameworks */ = {
			isa = PBXShellScriptBuildPhase;
			buildActionMask = 2147483647;
			files = (
			);
			inputPaths = (
			);
			name = "[CP] Embed Pods Frameworks";
			outputPaths = (
			);
			runOnlyForDeploymentPostprocessing = 0;
			shellPath = /bin/sh;
			shellScript = "\"${SRCROOT}/Pods/Target Support Files/Pods-TestMap/Pods-TestMap-frameworks.sh\"\n";
			showEnvVarsInLog = 0;
		};
		46985B7B66CDF1A77E6F49EB /* [CP] Check Pods Manifest.lock */ = {
			isa = PBXShellScriptBuildPhase;
			buildActionMask = 2147483647;
			files = (
			);
			inputPaths = (
			);
			name = "[CP] Check Pods Manifest.lock";
			outputPaths = (
			);
			runOnlyForDeploymentPostprocessing = 0;
			shellPath = /bin/sh;
			shellScript = "diff \"${PODS_ROOT}/../Podfile.lock\" \"${PODS_ROOT}/Manifest.lock\" > /dev/null\nif [ $? != 0 ] ; then\n    # print error to STDERR\n    echo \"error: The sandbox is not in sync with the Podfile.lock. Run 'pod install' or update your CocoaPods installation.\" >&2\n    exit 1\nfi\n";
			showEnvVarsInLog = 0;
		};
		BA4BF271E6EBADC84E262AA0 /* [CP] Copy Pods Resources */ = {
			isa = PBXShellScriptBuildPhase;
			buildActionMask = 2147483647;
			files = (
			);
			inputPaths = (
			);
			name = "[CP] Copy Pods Resources";
			outputPaths = (
			);
			runOnlyForDeploymentPostprocessing = 0;
			shellPath = /bin/sh;
			shellScript = "\"${SRCROOT}/Pods/Target Support Files/Pods-TestMap/Pods-TestMap-resources.sh\"\n";
			showEnvVarsInLog = 0;
		};
/* End PBXShellScriptBuildPhase section */

/* Begin PBXSourcesBuildPhase section */
		658771751E58934800169A7A /* Sources */ = {
			isa = PBXSourcesBuildPhase;
			buildActionMask = 2147483647;
			files = (
				65E397E21E76F082008F4BEE /* FileSaveHelper.swift in Sources */,
				6587717F1E58934800169A7A /* MainVC.swift in Sources */,
				650C8C471E61D2C500C684D1 /* WeatherTableVC.swift in Sources */,
				65FCBA8B1E6324D90059765A /* WeatherCell.swift in Sources */,
				65117C9C1E7F08E40007155C /* ForecastCell.swift in Sources */,
				651582D11E758E7A00E4DF03 /* Functions.swift in Sources */,
				654B8F801E5A2CE600E79A24 /* CurrentWeather.swift in Sources */,
				65117C9E1E8007180007155C /* Forecast.swift in Sources */,
				65FCBA891E62E9540059765A /* ForeCast3Hrs.swift in Sources */,
				65999D441E608AA800053F6C /* ViewMapVC.swift in Sources */,
				6587717D1E58934800169A7A /* AppDelegate.swift in Sources */,
				65EEB5951E59CABB002E7BDA /* Location.swift in Sources */,
				65EEB5931E59CAAB002E7BDA /* Constants.swift in Sources */,
			);
			runOnlyForDeploymentPostprocessing = 0;
		};
/* End PBXSourcesBuildPhase section */

/* Begin PBXVariantGroup section */
		658771801E58934800169A7A /* Main.storyboard */ = {
			isa = PBXVariantGroup;
			children = (
				658771811E58934800169A7A /* Base */,
			);
			name = Main.storyboard;
			sourceTree = "<group>";
		};
		658771851E58934800169A7A /* LaunchScreen.storyboard */ = {
			isa = PBXVariantGroup;
			children = (
				658771861E58934800169A7A /* Base */,
			);
			name = LaunchScreen.storyboard;
			sourceTree = "<group>";
		};
/* End PBXVariantGroup section */

/* Begin XCBuildConfiguration section */
		658771891E58934800169A7A /* Debug */ = {
			isa = XCBuildConfiguration;
			buildSettings = {
				ALWAYS_SEARCH_USER_PATHS = NO;
				CLANG_ANALYZER_NONNULL = YES;
				CLANG_CXX_LANGUAGE_STANDARD = "gnu++0x";
				CLANG_CXX_LIBRARY = "libc++";
				CLANG_ENABLE_MODULES = YES;
				CLANG_ENABLE_OBJC_ARC = YES;
				CLANG_WARN_BOOL_CONVERSION = YES;
				CLANG_WARN_CONSTANT_CONVERSION = YES;
				CLANG_WARN_DIRECT_OBJC_ISA_USAGE = YES_ERROR;
				CLANG_WARN_DOCUMENTATION_COMMENTS = YES;
				CLANG_WARN_EMPTY_BODY = YES;
				CLANG_WARN_ENUM_CONVERSION = YES;
				CLANG_WARN_INFINITE_RECURSION = YES;
				CLANG_WARN_INT_CONVERSION = YES;
				CLANG_WARN_OBJC_ROOT_CLASS = YES_ERROR;
				CLANG_WARN_SUSPICIOUS_MOVE = YES;
				CLANG_WARN_UNREACHABLE_CODE = YES;
				CLANG_WARN__DUPLICATE_METHOD_MATCH = YES;
				"CODE_SIGN_IDENTITY[sdk=iphoneos*]" = "iPhone Developer";
				COPY_PHASE_STRIP = NO;
				DEBUG_INFORMATION_FORMAT = dwarf;
				ENABLE_STRICT_OBJC_MSGSEND = YES;
				ENABLE_TESTABILITY = YES;
				GCC_C_LANGUAGE_STANDARD = gnu99;
				GCC_DYNAMIC_NO_PIC = NO;
				GCC_NO_COMMON_BLOCKS = YES;
				GCC_OPTIMIZATION_LEVEL = 0;
				GCC_PREPROCESSOR_DEFINITIONS = (
					"DEBUG=1",
					"$(inherited)",
				);
				GCC_WARN_64_TO_32_BIT_CONVERSION = YES;
				GCC_WARN_ABOUT_RETURN_TYPE = YES_ERROR;
				GCC_WARN_UNDECLARED_SELECTOR = YES;
				GCC_WARN_UNINITIALIZED_AUTOS = YES_AGGRESSIVE;
				GCC_WARN_UNUSED_FUNCTION = YES;
				GCC_WARN_UNUSED_VARIABLE = YES;
				IPHONEOS_DEPLOYMENT_TARGET = 10.2;
				MTL_ENABLE_DEBUG_INFO = YES;
				ONLY_ACTIVE_ARCH = YES;
				SDKROOT = iphoneos;
				SWIFT_ACTIVE_COMPILATION_CONDITIONS = DEBUG;
				SWIFT_OPTIMIZATION_LEVEL = "-Onone";
				TARGETED_DEVICE_FAMILY = "1,2";
			};
			name = Debug;
		};
		6587718A1E58934800169A7A /* Release */ = {
			isa = XCBuildConfiguration;
			buildSettings = {
				ALWAYS_SEARCH_USER_PATHS = NO;
				CLANG_ANALYZER_NONNULL = YES;
				CLANG_CXX_LANGUAGE_STANDARD = "gnu++0x";
				CLANG_CXX_LIBRARY = "libc++";
				CLANG_ENABLE_MODULES = YES;
				CLANG_ENABLE_OBJC_ARC = YES;
				CLANG_WARN_BOOL_CONVERSION = YES;
				CLANG_WARN_CONSTANT_CONVERSION = YES;
				CLANG_WARN_DIRECT_OBJC_ISA_USAGE = YES_ERROR;
				CLANG_WARN_DOCUMENTATION_COMMENTS = YES;
				CLANG_WARN_EMPTY_BODY = YES;
				CLANG_WARN_ENUM_CONVERSION = YES;
				CLANG_WARN_INFINITE_RECURSION = YES;
				CLANG_WARN_INT_CONVERSION = YES;
				CLANG_WARN_OBJC_ROOT_CLASS = YES_ERROR;
				CLANG_WARN_SUSPICIOUS_MOVE = YES;
				CLANG_WARN_UNREACHABLE_CODE = YES;
				CLANG_WARN__DUPLICATE_METHOD_MATCH = YES;
				"CODE_SIGN_IDENTITY[sdk=iphoneos*]" = "iPhone Developer";
				COPY_PHASE_STRIP = NO;
				DEBUG_INFORMATION_FORMAT = "dwarf-with-dsym";
				ENABLE_NS_ASSERTIONS = NO;
				ENABLE_STRICT_OBJC_MSGSEND = YES;
				GCC_C_LANGUAGE_STANDARD = gnu99;
				GCC_NO_COMMON_BLOCKS = YES;
				GCC_WARN_64_TO_32_BIT_CONVERSION = YES;
				GCC_WARN_ABOUT_RETURN_TYPE = YES_ERROR;
				GCC_WARN_UNDECLARED_SELECTOR = YES;
				GCC_WARN_UNINITIALIZED_AUTOS = YES_AGGRESSIVE;
				GCC_WARN_UNUSED_FUNCTION = YES;
				GCC_WARN_UNUSED_VARIABLE = YES;
				IPHONEOS_DEPLOYMENT_TARGET = 10.2;
				MTL_ENABLE_DEBUG_INFO = NO;
				SDKROOT = iphoneos;
				SWIFT_OPTIMIZATION_LEVEL = "-Owholemodule";
				TARGETED_DEVICE_FAMILY = "1,2";
				VALIDATE_PRODUCT = YES;
			};
			name = Release;
		};
		6587718C1E58934800169A7A /* Debug */ = {
			isa = XCBuildConfiguration;
			baseConfigurationReference = FA38E81BA78002A17F641AF4 /* Pods-TestMap.debug.xcconfig */;
			buildSettings = {
				ASSETCATALOG_COMPILER_APPICON_NAME = AppIcon;
				DEVELOPMENT_TEAM = 4RH753AMBU;
				INFOPLIST_FILE = TestMap/Info.plist;
				LD_RUNPATH_SEARCH_PATHS = "$(inherited) @executable_path/Frameworks";
				PRODUCT_BUNDLE_IDENTIFIER = com.DutchRascal.TestMap;
				PRODUCT_NAME = "$(TARGET_NAME)";
				SWIFT_VERSION = 3.0;
			};
			name = Debug;
		};
		6587718D1E58934800169A7A /* Release */ = {
			isa = XCBuildConfiguration;
			baseConfigurationReference = C106079CB17A11B32B8FCFD6 /* Pods-TestMap.release.xcconfig */;
			buildSettings = {
				ASSETCATALOG_COMPILER_APPICON_NAME = AppIcon;
				DEVELOPMENT_TEAM = 4RH753AMBU;
				INFOPLIST_FILE = TestMap/Info.plist;
				LD_RUNPATH_SEARCH_PATHS = "$(inherited) @executable_path/Frameworks";
				PRODUCT_BUNDLE_IDENTIFIER = com.DutchRascal.TestMap;
				PRODUCT_NAME = "$(TARGET_NAME)";
				SWIFT_VERSION = 3.0;
			};
			name = Release;
		};
/* End XCBuildConfiguration section */

/* Begin XCConfigurationList section */
		658771741E58934800169A7A /* Build configuration list for PBXProject "TestMap" */ = {
			isa = XCConfigurationList;
			buildConfigurations = (
				658771891E58934800169A7A /* Debug */,
				6587718A1E58934800169A7A /* Release */,
			);
			defaultConfigurationIsVisible = 0;
			defaultConfigurationName = Release;
		};
		6587718B1E58934800169A7A /* Build configuration list for PBXNativeTarget "TestMap" */ = {
			isa = XCConfigurationList;
			buildConfigurations = (
				6587718C1E58934800169A7A /* Debug */,
				6587718D1E58934800169A7A /* Release */,
			);
			defaultConfigurationIsVisible = 0;
			defaultConfigurationName = Release;
		};
/* End XCConfigurationList section */
	};
	rootObject = 658771711E58934800169A7A /* Project object */;
}
